
Microsoft Visual Studio Solution File, Format Version 12.00
# Visual Studio 15
VisualStudioVersion = 15.0.28307.438
MinimumVisualStudioVersion = 10.0.40219.1
Project("{FAE04EC0-301F-11D3-BF4B-00C04F79EFBC}") = "BO_API", "BO_API\BO_API.csproj", "{5BA88B05-A204-434B-BF84-8003ED36D580}"
EndProject
Global
	GlobalSection(SolutionConfigurationPlatforms) = preSolution
		Debug|Any CPU = Debug|Any CPU
		Release|Any CPU = Release|Any CPU
	EndGlobalSection
	GlobalSection(ProjectConfigurationPlatforms) = postSolution
		{5BA88B05-A204-434B-BF84-8003ED36D580}.Debug|Any CPU.ActiveCfg = Debug|Any CPU
		{5BA88B05-A204-434B-BF84-8003ED36D580}.Debug|Any CPU.Build.0 = Debug|Any CPU
		{5BA88B05-A204-434B-BF84-8003ED36D580}.Release|Any CPU.ActiveCfg = Release|Any CPU
		{5BA88B05-A204-434B-BF84-8003ED36D580}.Release|Any CPU.Build.0 = Release|Any CPU
	EndGlobalSection
	GlobalSection(SolutionProperties) = preSolution
		HideSolutionNode = FALSE
	EndGlobalSection
	GlobalSection(ExtensibilityGlobals) = postSolution
		SolutionGuid = {06EDE379-B003-4AAB-A4E6-A7B8FDAE651A}
	EndGlobalSection
EndGlobal
